<Project xmlns="http://schemas.microsoft.com/developer/msbuild/2003">
    <PropertyGroup>
        <ProjectGuid>{5CAEC182-B6E5-4AE8-8CB9-1697AB8F1F74}</ProjectGuid>
        <ProjectVersion>15.4</ProjectVersion>
        <FrameworkType>VCL</FrameworkType>
        <MainSource>ObterLatitudeLongitude.dpr</MainSource>
        <Base>True</Base>
        <Config Condition="'$(Config)'==''">Debug</Config>
        <Platform Condition="'$(Platform)'==''">Win32</Platform>
        <TargetedPlatforms>1</TargetedPlatforms>
        <AppType>Application</AppType>
    </PropertyGroup>
    <PropertyGroup Condition="'$(Config)'=='Base' or '$(Base)'!=''">
        <Base>true</Base>
    </PropertyGroup>
    <PropertyGroup Condition="('$(Platform)'=='Win32' and '$(Base)'=='true') or '$(Base_Win32)'!=''">
        <Base_Win32>true</Base_Win32>
        <CfgParent>Base</CfgParent>
        <Base>true</Base>
    </PropertyGroup>
    <PropertyGroup Condition="('$(Platform)'=='Win64' and '$(Base)'=='true') or '$(Base_Win64)'!=''">
        <Base_Win64>true</Base_Win64>
        <CfgParent>Base</CfgParent>
        <Base>true</Base>
    </PropertyGroup>
    <PropertyGroup Condition="'$(Config)'=='Debug' or '$(Cfg_1)'!=''">
        <Cfg_1>true</Cfg_1>
        <CfgParent>Base</CfgParent>
        <Base>true</Base>
    </PropertyGroup>
    <PropertyGroup Condition="('$(Platform)'=='Win32' and '$(Cfg_1)'=='true') or '$(Cfg_1_Win32)'!=''">
        <Cfg_1_Win32>true</Cfg_1_Win32>
        <CfgParent>Cfg_1</CfgParent>
        <Cfg_1>true</Cfg_1>
        <Base>true</Base>
    </PropertyGroup>
    <PropertyGroup Condition="'$(Config)'=='Release' or '$(Cfg_2)'!=''">
        <Cfg_2>true</Cfg_2>
        <CfgParent>Base</CfgParent>
        <Base>true</Base>
    </PropertyGroup>
    <PropertyGroup Condition="'$(Base)'!=''">
        <DCC_Namespace>System;Xml;Data;Datasnap;Web;Soap;Vcl;Vcl.Imaging;Vcl.Touch;Vcl.Samples;Vcl.Shell;$(DCC_Namespace)</DCC_Namespace>
        <Icon_MainIcon>$(BDS)\bin\delphi_PROJECTICON.ico</Icon_MainIcon>
        <SanitizedProjectName>ObterLatitudeLongitude</SanitizedProjectName>
        <DCC_DcuOutput>.\$(Platform)\$(Config)</DCC_DcuOutput>
        <DCC_ExeOutput>.\$(Platform)\$(Config)</DCC_ExeOutput>
        <DCC_E>false</DCC_E>
        <DCC_N>false</DCC_N>
        <DCC_S>false</DCC_S>
        <DCC_F>false</DCC_F>
        <DCC_K>false</DCC_K>
    </PropertyGroup>
    <PropertyGroup Condition="'$(Base_Win32)'!=''">
        <VerInfo_Locale>1033</VerInfo_Locale>
        <DCC_UsePackage>IndyIPClient;cxGridRS20;dxPSdxLCLnkRS20;dxPScxExtCommonRS20;FireDACSqliteDriver;FireDACDSDriver;cxPageControlRS20;DBXSqliteDriver;FireDACPgDriver;fmx;BaseBBoxD20;IndySystem;DCEF_XE6;TeeDB;tethering;inetdbbde;vclib;DBXInterBaseDriver;DataSnapClient;XMLBBoxD20;DataSnapServer;DataSnapCommon;DataSnapProviderClient;DBXSybaseASEDriver;DbxCommonDriver;dxLayoutControlRS20;vclimg;dbxcds;DatasnapConnectorsFreePascal;dxPScxSchedulerLnkRS20;MetropolisUILiveTile;dxPSCoreRS20;vcldb;vcldsnap;dxPSTeeChartRS20;RemProt_XE6;fmxFireDAC;DLibWinDXE6_Vcl;DBXDb2Driver;madSecurity_;DBXOracleDriver;CustomIPTransport;cxExportRS20;vclribbon;dxServerModeRS20;dsnap;IndyIPServer;IndyCore;vcl;fmxase;RLibWinDXE6;dxComnRS20;DBXMSSQLDriver;IndyIPCommon;CloudService;FmxTeeUI;dxDBXServerModeRS20;FireDACIBDriver;CodeSiteExpressPkg;DataSnapFireDAC;FireDACDBXDriver;dxPScxGridLnkRS20;dxPSDBTeeChartRS20;soapserver;inetdbxpress;cxSchedulerGridRS20;dxADOServerModeRS20;dsnapxml;FireDACInfxDriver;FireDACDb2Driver;adortl;SSLBBoxCliD20;madBasic_;FireDACASADriver;bindcompfmx;VeicaLib;vcldbx;madKernel_;FireDACODBCDriver;RESTBackendComponents;rtl;dbrtl;DbxClientDriver;FireDACCommon;bindcomp;inetdb;Tee;DBXOdbcDriver;vclFireDAC;madDisAsm_;cxSpreadSheetRS20;xmlrtl;DataSnapNativeClient;svnui;ibxpress;RESTDWDriverFD;dxPScxSSLnkRS20;XMLBBoxSecD20;IndyProtocols;madShell_;dxPScxCommonRS20;DBXMySQLDriver;SSLBBoxCliIndy10D20;FireDACCommonDriver;vclactnband;bindengine;bindcompdbx;soaprtl;FMXTee;dxGDIPlusRS20;bindcompvcl;TeeUI;vclie;madExcept_;cxSchedulerRS20;FireDACADSDriver;vcltouch;cxEditorsRS20;LibDelphiXE6;VclSmp;FireDACMSSQLDriver;FireDAC;DBXInformixDriver;Intraweb;PGPBBoxD20;VCLRESTComponents;DataSnapConnectors;DataSnapServerMidas;dsnapcon;DBXFirebirdDriver;inet;cxLibraryRS20;cxDataRS20;fmxobj;FireDACMySQLDriver;soapmidas;vclx;dxCoreRS20;DBXSybaseASADriver;svn;FireDACOracleDriver;fmxdae;RESTComponents;RestDatawareCORE;bdertl;dxThemeRS20;FireDACMSAccDriver;dxPSLnksRS20;dbexpress;DataSnapIndy10ServerTransport;$(DCC_UsePackage)</DCC_UsePackage>
        <DCC_Namespace>Winapi;System.Win;Data.Win;Datasnap.Win;Web.Win;Soap.Win;Xml.Win;Bde;$(DCC_Namespace)</DCC_Namespace>
        <Manifest_File>$(BDS)\bin\default_app.manifest</Manifest_File>
        <VerInfo_Keys>CompanyName=;FileDescription=;FileVersion=1.0.0.0;InternalName=;LegalCopyright=;LegalTrademarks=;OriginalFilename=;ProductName=;ProductVersion=1.0.0.0;Comments=</VerInfo_Keys>
        <VerInfo_IncludeVerInfo>true</VerInfo_IncludeVerInfo>
    </PropertyGroup>
    <PropertyGroup Condition="'$(Base_Win64)'!=''">
        <DCC_UsePackage>IndyIPClient;FireDACSqliteDriver;FireDACDSDriver;DBXSqliteDriver;FireDACPgDriver;fmx;BaseBBoxD20;IndySystem;TeeDB;tethering;vclib;DBXInterBaseDriver;DataSnapClient;XMLBBoxD20;DataSnapServer;DataSnapCommon;DataSnapProviderClient;DBXSybaseASEDriver;DbxCommonDriver;vclimg;dbxcds;DatasnapConnectorsFreePascal;MetropolisUILiveTile;vcldb;vcldsnap;fmxFireDAC;DBXDb2Driver;DBXOracleDriver;CustomIPTransport;vclribbon;dsnap;IndyIPServer;IndyCore;vcl;fmxase;DBXMSSQLDriver;IndyIPCommon;CloudService;FmxTeeUI;FireDACIBDriver;DataSnapFireDAC;FireDACDBXDriver;soapserver;inetdbxpress;dsnapxml;FireDACInfxDriver;FireDACDb2Driver;adortl;SSLBBoxCliD20;FireDACASADriver;bindcompfmx;FireDACODBCDriver;RESTBackendComponents;rtl;dbrtl;DbxClientDriver;FireDACCommon;bindcomp;inetdb;Tee;DBXOdbcDriver;vclFireDAC;xmlrtl;DataSnapNativeClient;ibxpress;RESTDWDriverFD;XMLBBoxSecD20;IndyProtocols;DBXMySQLDriver;SSLBBoxCliIndy10D20;FireDACCommonDriver;vclactnband;bindengine;bindcompdbx;soaprtl;FMXTee;bindcompvcl;TeeUI;vclie;FireDACADSDriver;vcltouch;VclSmp;FireDACMSSQLDriver;FireDAC;DBXInformixDriver;Intraweb;PGPBBoxD20;VCLRESTComponents;DataSnapConnectors;DataSnapServerMidas;dsnapcon;DBXFirebirdDriver;inet;fmxobj;FireDACMySQLDriver;soapmidas;vclx;DBXSybaseASADriver;FireDACOracleDriver;fmxdae;RESTComponents;RestDatawareCORE;FireDACMSAccDriver;dbexpress;DataSnapIndy10ServerTransport;$(DCC_UsePackage)</DCC_UsePackage>
    </PropertyGroup>
    <PropertyGroup Condition="'$(Cfg_1)'!=''">
        <DCC_Define>DEBUG;$(DCC_Define)</DCC_Define>
        <DCC_DebugDCUs>true</DCC_DebugDCUs>
        <DCC_Optimize>false</DCC_Optimize>
        <DCC_GenerateStackFrames>true</DCC_GenerateStackFrames>
        <DCC_DebugInfoInExe>true</DCC_DebugInfoInExe>
        <DCC_RemoteDebug>true</DCC_RemoteDebug>
    </PropertyGroup>
    <PropertyGroup Condition="'$(Cfg_1_Win32)'!=''">
        <DCC_RemoteDebug>false</DCC_RemoteDebug>
    </PropertyGroup>
    <PropertyGroup Condition="'$(Cfg_2)'!=''">
        <DCC_LocalDebugSymbols>false</DCC_LocalDebugSymbols>
        <DCC_Define>RELEASE;$(DCC_Define)</DCC_Define>
        <DCC_SymbolReferenceInfo>0</DCC_SymbolReferenceInfo>
        <DCC_DebugInformation>0</DCC_DebugInformation>
    </PropertyGroup>
    <ItemGroup>
        <DelphiCompile Include="$(MainSource)">
            <MainSource>MainSource</MainSource>
        </DelphiCompile>
        <DCCReference Include="uPrincipal.pas">
            <Form>frmPrincipal</Form>
            <FormType>dfm</FormType>
        </DCCReference>
        <BuildConfiguration Include="Release">
            <Key>Cfg_2</Key>
            <CfgParent>Base</CfgParent>
        </BuildConfiguration>
        <BuildConfiguration Include="Base">
            <Key>Base</Key>
        </BuildConfiguration>
        <BuildConfiguration Include="Debug">
            <Key>Cfg_1</Key>
            <CfgParent>Base</CfgParent>
        </BuildConfiguration>
    </ItemGroup>
    <ProjectExtensions>
        <Borland.Personality>Delphi.Personality.12</Borland.Personality>
        <Borland.ProjectType/>
        <BorlandProject>
            <Delphi.Personality>
                <Source>
                    <Source Name="MainSource">ObterLatitudeLongitude.dpr</Source>
                </Source>
            </Delphi.Personality>
            <Deployment/>
            <Platforms>
                <Platform value="Win32">True</Platform>
                <Platform value="Win64">False</Platform>
            </Platforms>
        </BorlandProject>
        <ProjectFileVersion>12</ProjectFileVersion>
    </ProjectExtensions>
    <Import Project="$(BDS)\Bin\CodeGear.Delphi.Targets" Condition="Exists('$(BDS)\Bin\CodeGear.Delphi.Targets')"/>
    <Import Project="$(APPDATA)\Embarcadero\$(BDSAPPDATABASEDIR)\$(PRODUCTVERSION)\UserTools.proj" Condition="Exists('$(APPDATA)\Embarcadero\$(BDSAPPDATABASEDIR)\$(PRODUCTVERSION)\UserTools.proj')"/>
</Project>
